
Microsoft Visual Studio Solution File, Format Version 12.00
# Visual Studio 14
VisualStudioVersion = 14.0.25420.1
MinimumVisualStudioVersion = 10.0.40219.1
Project("{FAE04EC0-301F-11D3-BF4B-00C04F79EFBC}") = "McCulloch", "src\McCulloch\McCulloch.csproj", "{6A70D466-878A-48CE-88AE-46DC75A4C2FF}"
EndProject
Project("{FAE04EC0-301F-11D3-BF4B-00C04F79EFBC}") = "McCulloch.UnitTests", "test\McCulloch.UnitTests\McCulloch.UnitTests.csproj", "{AB59AEC2-0E26-4392-B49F-F53F254F08CC}"
EndProject
Project("{2150E333-8FDC-42A3-9474-1A3956D46DE8}") = "Solution items", "Solution items", "{E2F5DB0E-B599-4227-BC80-62115CF76E70}"
	ProjectSection(SolutionItems) = preProject
		.gitattributes = .gitattributes
		.gitignore = .gitignore
		README.md = README.md
	EndProjectSection
EndProject
Project("{FAE04EC0-301F-11D3-BF4B-00C04F79EFBC}") = "Xamples", "other\Xamples\Xamples.csproj", "{8B13EF8A-7436-4E61-8EEC-133AFDC3991E}"
EndProject
Global
	GlobalSection(SolutionConfigurationPlatforms) = preSolution
		Debug|Any CPU = Debug|Any CPU
		Release|Any CPU = Release|Any CPU
	EndGlobalSection
	GlobalSection(ProjectConfigurationPlatforms) = postSolution
		{6A70D466-878A-48CE-88AE-46DC75A4C2FF}.Debug|Any CPU.ActiveCfg = Debug|Any CPU
		{6A70D466-878A-48CE-88AE-46DC75A4C2FF}.Debug|Any CPU.Build.0 = Debug|Any CPU
		{6A70D466-878A-48CE-88AE-46DC75A4C2FF}.Release|Any CPU.ActiveCfg = Release|Any CPU
		{6A70D466-878A-48CE-88AE-46DC75A4C2FF}.Release|Any CPU.Build.0 = Release|Any CPU
		{AB59AEC2-0E26-4392-B49F-F53F254F08CC}.Debug|Any CPU.ActiveCfg = Debug|Any CPU
		{AB59AEC2-0E26-4392-B49F-F53F254F08CC}.Debug|Any CPU.Build.0 = Debug|Any CPU
		{AB59AEC2-0E26-4392-B49F-F53F254F08CC}.Release|Any CPU.ActiveCfg = Release|Any CPU
		{AB59AEC2-0E26-4392-B49F-F53F254F08CC}.Release|Any CPU.Build.0 = Release|Any CPU
		{8B13EF8A-7436-4E61-8EEC-133AFDC3991E}.Debug|Any CPU.ActiveCfg = Debug|Any CPU
		{8B13EF8A-7436-4E61-8EEC-133AFDC3991E}.Debug|Any CPU.Build.0 = Debug|Any CPU
		{8B13EF8A-7436-4E61-8EEC-133AFDC3991E}.Release|Any CPU.ActiveCfg = Release|Any CPU
		{8B13EF8A-7436-4E61-8EEC-133AFDC3991E}.Release|Any CPU.Build.0 = Release|Any CPU
	EndGlobalSection
	GlobalSection(SolutionProperties) = preSolution
		HideSolutionNode = FALSE
	EndGlobalSection
EndGlobal
